{
  "name": "@clapp/init",
  "version": "1.0.2",
  "lockfileVersion": 3,
  "requires": true,
  "packages": {
    "": {
      "name": "@clapp/init",
      "version": "1.0.2",
      "license": "ISC",
      "dependencies": {
        "@clapp/hmr": "file:../hmr",
        "@clapp/init": "file:../init",
        "@clapp/server": "file:../server",
        "@clapp/setup": "file:../setup",
        "@playground/vscode": "file:../../../crawless.dev/@playground/vscode",
        "@types/crawless": "file:../../../crawless.dev/@types/crawless"
      }
    },
    "../../../crawless.dev/@playground/vscode": {
      "version": "1.0.0",
      "license": "ISC",
      "devDependencies": {
        "@types/crawless": "../@types/crawless/global.d.ts",
        "@types/node": "^20.10.2",
        "esbuild": "0.19.8",
        "typescript": "^5.3.2"
      }
    },
    "../../../crawless.dev/@types/crawless": {
      "version": "1.0.0",
      "license": "ISC"
    },
    "../hmr": {
      "version": "1.0.0",
      "license": "MIT",
      "dependencies": {
        "chokidar": "^3.5.3"
      },
      "devDependencies": {
        "rimraf": "^5.0.5",
        "standard-version": "^9.5.0",
        "typescript": "^5.3.3"
      }
    },
    "../server": {
      "version": "1.0.2",
      "license": "MIT",
      "devDependencies": {
        "@types/node": "^20.10.2",
        "esbuild": "0.19.8",
        "typescript": "^5.3.2"
      }
    },
    "../setup": {
      "version": "1.0.3",
      "license": "ISC",
      "dependencies": {
        "@clapp/init": "file:../init",
        "@electron/asar": "^3.2.8"
      },
      "bin": {
        "clapp": "bin/main.js"
      },
      "devDependencies": {
        "@types/node": "^20.10.3",
        "esbuild": "0.19.8",
        "typescript": "^5.3.2"
      }
    },
    "node_modules/@clapp/hmr": {
      "resolved": "../hmr",
      "link": true
    },
    "node_modules/@clapp/init": {
      "resolved": "",
      "link": true
    },
    "node_modules/@clapp/server": {
      "resolved": "../server",
      "link": true
    },
    "node_modules/@clapp/setup": {
      "resolved": "../setup",
      "link": true
    },
    "node_modules/@playground/vscode": {
      "resolved": "../../../crawless.dev/@playground/vscode",
      "link": true
    },
    "node_modules/@types/crawless": {
      "resolved": "../../../crawless.dev/@types/crawless",
      "link": true
    }
  }
}
